
Microsoft Visual Studio Solution File, Format Version 12.00
# Visual Studio Version 17
VisualStudioVersion = 17.4.33110.190
MinimumVisualStudioVersion = 10.0.40219.1
Project("{FAE04EC0-301F-11D3-BF4B-00C04F79EFBC}") = "prime-numbers", "prime-numbers\prime-numbers.csproj", "{10923911-D2B4-4BD0-9A50-B3157290437D}"
EndProject
Global
	GlobalSection(SolutionConfigurationPlatforms) = preSolution
		Debug|Any CPU = Debug|Any CPU
		Release|Any CPU = Release|Any CPU
	EndGlobalSection
	GlobalSection(ProjectConfigurationPlatforms) = postSolution
		{10923911-D2B4-4BD0-9A50-B3157290437D}.Debug|Any CPU.ActiveCfg = Debug|Any CPU
		{10923911-D2B4-4BD0-9A50-B3157290437D}.Debug|Any CPU.Build.0 = Debug|Any CPU
		{10923911-D2B4-4BD0-9A50-B3157290437D}.Release|Any CPU.ActiveCfg = Release|Any CPU
		{10923911-D2B4-4BD0-9A50-B3157290437D}.Release|Any CPU.Build.0 = Release|Any CPU
	EndGlobalSection
	GlobalSection(SolutionProperties) = preSolution
		HideSolutionNode = FALSE
	EndGlobalSection
	GlobalSection(ExtensibilityGlobals) = postSolution
		SolutionGuid = {CD23F67C-94A6-481F-88C9-0B79CA39E90A}
	EndGlobalSection
EndGlobal
